{
  "name": "app-doc-maker",
  "lockfileVersion": 3,
  "requires": true,
  "packages": {
    "": {
      "dependencies": {
        "simple-dropzone": "^0.8.3"
      }
    },
    "node_modules/simple-dropzone": {
      "version": "0.8.3",
      "resolved": "https://registry.npmjs.org/simple-dropzone/-/simple-dropzone-0.8.3.tgz",
      "integrity": "sha512-y0i8Tf1O9whdRh2NXE2a7y3U0wbQXTbPnRJeHD6XP/tWoLEIwqYxPtnI/Fst3mRASGqMD8hXaRFjgKsO1nbvcg==",
      "dependencies": {
        "zip-js-esm": "^1.1.1"
      }
    },
    "node_modules/zip-js-esm": {
      "version": "1.1.1",
      "resolved": "https://registry.npmjs.org/zip-js-esm/-/zip-js-esm-1.1.1.tgz",
      "integrity": "sha512-8fSLIpssGjX8mqTduIjlUStH1uBmAFWCmkiAo7/G8uDAY+rEnwE6nll5Cyvu+Ytqmw5FIQ7XAhohNrrZL2PheQ=="
    }
  }
}
